// !$*UTF8*$!
{
	archiveVersion = 1;
	classes = {
	};
	objectVersion = 46;
	objects = {

/* Begin PBXBuildFile section */
		474ED4AA1CA29FF2009A94DD /* main.m in Sources */ = {isa = PBXBuildFile; fileRef = 474ED4A91CA29FF2009A94DD /* main.m */; };
		474ED4AD1CA29FF2009A94DD /* AppDelegate.m in Sources */ = {isa = PBXBuildFile; fileRef = 474ED4AC1CA29FF2009A94DD /* AppDelegate.m */; };
		474ED4B01CA29FF2009A94DD /* ViewController.m in Sources */ = {isa = PBXBuildFile; fileRef = 474ED4AF1CA29FF2009A94DD /* ViewController.m */; };
		474ED4B31CA29FF2009A94DD /* Main.storyboard in Resources */ = {isa = PBXBuildFile; fileRef = 474ED4B11CA29FF2009A94DD /* Main.storyboard */; };
		474ED4B51CA29FF2009A94DD /* Assets.xcassets in Resources */ = {isa = PBXBuildFile; fileRef = 474ED4B41CA29FF2009A94DD /* Assets.xcassets */; };
		474ED4B81CA29FF2009A94DD /* LaunchScreen.storyboard in Resources */ = {isa = PBXBuildFile; fileRef = 474ED4B61CA29FF2009A94DD /* LaunchScreen.storyboard */; };
/* End PBXBuildFile section */

/* Begin PBXFileReference section */
		474ED4A51CA29FF1009A94DD /* GitHub.app */ = {isa = PBXFileReference; explicitFileType = wrapper.application; includeInIndex = 0; path = GitHub.app; sourceTree = BUILT_PRODUCTS_DIR; };
		474ED4A91CA29FF2009A94DD /* main.m */ = {isa = PBXFileReference; lastKnownFileType = sourcecode.c.objc; path = main.m; sourceTree = "<group>"; };
		474ED4AB1CA29FF2009A94DD /* AppDelegate.h */ = {isa = PBXFileReference; lastKnownFileType = sourcecode.c.h; path = AppDelegate.h; sourceTree = "<group>"; };
		474ED4AC1CA29FF2009A94DD /* AppDelegate.m */ = {isa = PBXFileReference; lastKnownFileType = sourcecode.c.objc; path = AppDelegate.m; sourceTree = "<group>"; };
		474ED4AE1CA29FF2009A94DD /* ViewController.h */ = {isa = PBXFileReference; lastKnownFileType = sourcecode.c.h; path = ViewController.h; sourceTree = "<group>"; };
		474ED4AF1CA29FF2009A94DD /* ViewController.m */ = {isa = PBXFileReference; lastKnownFileType = sourcecode.c.objc; path = ViewController.m; sourceTree = "<group>"; };
		474ED4B21CA29FF2009A94DD /* Base */ = {isa = PBXFileReference; lastKnownFileType = file.storyboard; name = Base; path = Base.lproj/Main.storyboard; sourceTree = "<group>"; };
		474ED4B41CA29FF2009A94DD /* Assets.xcassets */ = {isa = PBXFileReference; lastKnownFileType = folder.assetcatalog; path = Assets.xcassets; sourceTree = "<group>"; };
		474ED4B71CA29FF2009A94DD /* Base */ = {isa = PBXFileReference; lastKnownFileType = file.storyboard; name = Base; path = Base.lproj/LaunchScreen.storyboard; sourceTree = "<group>"; };
		474ED4B91CA29FF2009A94DD /* Info.plist */ = {isa = PBXFileReference; lastKnownFileType = text.plist.xml; path = Info.plist; sourceTree = "<group>"; };
/* End PBXFileReference section */

/* Begin PBXFrameworksBuildPhase section */
		474ED4A21CA29FF1009A94DD /* Frameworks */ = {
			isa = PBXFrameworksBuildPhase;
			buildActionMask = 2147483647;
			files = (
			);
			runOnlyForDeploymentPostprocessing = 0;
		};
/* End PBXFrameworksBuildPhase section */

/* Begin PBXGroup section */
		474ED49C1CA29FF1009A94DD = {
			isa = PBXGroup;
			children = (
				474ED4A71CA29FF2009A94DD /* GitHub */,
				474ED4A61CA29FF1009A94DD /* Products */,
			);
			sourceTree = "<group>";
		};
		474ED4A61CA29FF1009A94DD /* Products */ = {
			isa = PBXGroup;
			children = (
				474ED4A51CA29FF1009A94DD /* GitHub.app */,
			);
			name = Products;
			sourceTree = "<group>";
		};
		474ED4A71CA29FF2009A94DD /* GitHub */ = {
			isa = PBXGroup;
			children = (
				474ED4AB1CA29FF2009A94DD /* AppDelegate.h */,
				474ED4AC1CA29FF2009A94DD /* AppDelegate.m */,
				474ED4AE1CA29FF2009A94DD /* ViewController.h */,
				474ED4AF1CA29FF2009A94DD /* ViewController.m */,
				474ED4B11CA29FF2009A94DD /* Main.storyboard */,
				474ED4B41CA29FF2009A94DD /* Assets.xcassets */,
				474ED4B61CA29FF2009A94DD /* LaunchScreen.storyboard */,
				474ED4B91CA29FF2009A94DD /* Info.plist */,
				474ED4A81CA29FF2009A94DD /* Supporting Files */,
			);
			path = GitHub;
			sourceTree = "<group>";
		};
		474ED4A81CA29FF2009A94DD /* Supporting Files */ = {
			isa = PBXGroup;
			children = (
				474ED4A91CA29FF2009A94DD /* main.m */,
			);
			name = "Supporting Files";
			sourceTree = "<group>";
		};
/* End PBXGroup section */

/* Begin PBXNativeTarget section */
		474ED4A41CA29FF1009A94DD /* GitHub */ = {
			isa = PBXNativeTarget;
			buildConfigurationList = 474ED4BC1CA29FF2009A94DD /* Build configuration list for PBXNativeTarget "GitHub" */;
			buildPhases = (
				474ED4A11CA29FF1009A94DD /* Sources */,
				474ED4A21CA29FF1009A94DD /* Frameworks */,
				474ED4A31CA29FF1009A94DD /* Resources */,
			);
			buildRules = (
			);
			dependencies = (
			);
			name = GitHub;
			productName = GitHub;
			productReference = 474ED4A51CA29FF1009A94DD /* GitHub.app */;
			productType = "com.apple.product-type.application";
		};
/* End PBXNativeTarget section */

/* Begin PBXProject section */
		474ED49D1CA29FF1009A94DD /* Project object */ = {
			isa = PBXProject;
			attributes = {
				LastUpgradeCheck = 0730;
				ORGANIZATIONNAME = "刘海潮";
				TargetAttributes = {
					474ED4A41CA29FF1009A94DD = {
						CreatedOnToolsVersion = 7.3;
					};
				};
			};
			buildConfigurationList = 474ED4A01CA29FF1009A94DD /* Build configuration list for PBXProject "GitHub" */;
			compatibilityVersion = "Xcode 3.2";
			developmentRegion = English;
			hasScannedForEncodings = 0;
			knownRegions = (
				en,
				Base,
			);
			mainGroup = 474ED49C1CA29FF1009A94DD;
			productRefGroup = 474ED4A61CA29FF1009A94DD /* Products */;
			projectDirPath = "";
			projectRoot = "";
			targets = (
				474ED4A41CA29FF1009A94DD /* GitHub */,
			);
		};
/* End PBXProject section */

/* Begin PBXResourcesBuildPhase section */
		474ED4A31CA29FF1009A94DD /* Resources */ = {
			isa = PBXResourcesBuildPhase;
			buildActionMask = 2147483647;
			files = (
				474ED4B81CA29FF2009A94DD /* LaunchScreen.storyboard in Resources */,
				474ED4B51CA29FF2009A94DD /* Assets.xcassets in Resources */,
				474ED4B31CA29FF2009A94DD /* Main.storyboard in Resources */,
			);
			runOnlyForDeploymentPostprocessing = 0;
		};
/* End PBXResourcesBuildPhase section */

/* Begin PBXSourcesBuildPhase section */
		474ED4A11CA29FF1009A94DD /* Sources */ = {
			isa = PBXSourcesBuildPhase;
			buildActionMask = 2147483647;
			files = (
				474ED4B01CA29FF2009A94DD /* ViewController.m in Sources */,
				474ED4AD1CA29FF2009A94DD /* AppDelegate.m in Sources */,
				474ED4AA1CA29FF2009A94DD /* main.m in Sources */,
			);
			runOnlyForDeploymentPostprocessing = 0;
		};
/* End PBXSourcesBuildPhase section */

/* Begin PBXVariantGroup section */
		474ED4B11CA29FF2009A94DD /* Main.storyboard */ = {
			isa = PBXVariantGroup;
			children = (
				474ED4B21CA29FF2009A94DD /* Base */,
			);
			name = Main.storyboard;
			sourceTree = "<group>";
		};
		474ED4B61CA29FF2009A94DD /* LaunchScreen.storyboard */ = {
			isa = PBXVariantGroup;
			children = (
				474ED4B71CA29FF2009A94DD /* Base */,
			);
			name = LaunchScreen.storyboard;
			sourceTree = "<group>";
		};
/* End PBXVariantGroup section */

/* Begin XCBuildConfiguration section */
		474ED4BA1CA29FF2009A94DD /* Debug */ = {
			isa = XCBuildConfiguration;
			buildSettings = {
				ALWAYS_SEARCH_USER_PATHS = NO;
				CLANG_ANALYZER_NONNULL = YES;
				CLANG_CXX_LANGUAGE_STANDARD = "gnu++0x";
				CLANG_CXX_LIBRARY = "libc++";
				CLANG_ENABLE_MODULES = YES;
				CLANG_ENABLE_OBJC_ARC = YES;
				CLANG_WARN_BOOL_CONVERSION = YES;
				CLANG_WARN_CONSTANT_CONVERSION = YES;
				CLANG_WARN_DIRECT_OBJC_ISA_USAGE = YES_ERROR;
				CLANG_WARN_EMPTY_BODY = YES;
				CLANG_WARN_ENUM_CONVERSION = YES;
				CLANG_WARN_INT_CONVERSION = YES;
				CLANG_WARN_OBJC_ROOT_CLASS = YES_ERROR;
				CLANG_WARN_UNREACHABLE_CODE = YES;
				CLANG_WARN__DUPLICATE_METHOD_MATCH = YES;
				"CODE_SIGN_IDENTITY[sdk=iphoneos*]" = "iPhone Developer";
				COPY_PHASE_STRIP = NO;
				DEBUG_INFORMATION_FORMAT = dwarf;
				ENABLE_STRICT_OBJC_MSGSEND = YES;
				ENABLE_TESTABILITY = YES;
				GCC_C_LANGUAGE_STANDARD = gnu99;
				GCC_DYNAMIC_NO_PIC = NO;
				GCC_NO_COMMON_BLOCKS = YES;
				GCC_OPTIMIZATION_LEVEL = 0;
				GCC_PREPROCESSOR_DEFINITIONS = (
					"DEBUG=1",
					"$(inherited)",
				);
				GCC_WARN_64_TO_32_BIT_CONVERSION = YES;
				GCC_WARN_ABOUT_RETURN_TYPE = YES_ERROR;
				GCC_WARN_UNDECLARED_SELECTOR = YES;
				GCC_WARN_UNINITIALIZED_AUTOS = YES_AGGRESSIVE;
				GCC_WARN_UNUSED_FUNCTION = YES;
				GCC_WARN_UNUSED_VARIABLE = YES;
				IPHONEOS_DEPLOYMENT_TARGET = 9.3;
				MTL_ENABLE_DEBUG_INFO = YES;
				ONLY_ACTIVE_ARCH = YES;
				SDKROOT = iphoneos;
			};
			name = Debug;
		};
		474ED4BB1CA29FF2009A94DD /* Release */ = {
			isa = XCBuildConfiguration;
			buildSettings = {
				ALWAYS_SEARCH_USER_PATHS = NO;
				CLANG_ANALYZER_NONNULL = YES;
				CLANG_CXX_LANGUAGE_STANDARD = "gnu++0x";
				CLANG_CXX_LIBRARY = "libc++";
				CLANG_ENABLE_MODULES = YES;
				CLANG_ENABLE_OBJC_ARC = YES;
				CLANG_WARN_BOOL_CONVERSION = YES;
				CLANG_WARN_CONSTANT_CONVERSION = YES;
				CLANG_WARN_DIRECT_OBJC_ISA_USAGE = YES_ERROR;
				CLANG_WARN_EMPTY_BODY = YES;
				CLANG_WARN_ENUM_CONVERSION = YES;
				CLANG_WARN_INT_CONVERSION = YES;
				CLANG_WARN_OBJC_ROOT_CLASS = YES_ERROR;
				CLANG_WARN_UNREACHABLE_CODE = YES;
				CLANG_WARN__DUPLICATE_METHOD_MATCH = YES;
				"CODE_SIGN_IDENTITY[sdk=iphoneos*]" = "iPhone Developer";
				COPY_PHASE_STRIP = NO;
				DEBUG_INFORMATION_FORMAT = "dwarf-with-dsym";
				ENABLE_NS_ASSERTIONS = NO;
				ENABLE_STRICT_OBJC_MSGSEND = YES;
				GCC_C_LANGUAGE_STANDARD = gnu99;
				GCC_NO_COMMON_BLOCKS = YES;
				GCC_WARN_64_TO_32_BIT_CONVERSION = YES;
				GCC_WARN_ABOUT_RETURN_TYPE = YES_ERROR;
				GCC_WARN_UNDECLARED_SELECTOR = YES;
				GCC_WARN_UNINITIALIZED_AUTOS = YES_AGGRESSIVE;
				GCC_WARN_UNUSED_FUNCTION = YES;
				GCC_WARN_UNUSED_VARIABLE = YES;
				IPHONEOS_DEPLOYMENT_TARGET = 9.3;
				MTL_ENABLE_DEBUG_INFO = NO;
				SDKROOT = iphoneos;
				VALIDATE_PRODUCT = YES;
			};
			name = Release;
		};
		474ED4BD1CA29FF2009A94DD /* Debug */ = {
			isa = XCBuildConfiguration;
			buildSettings = {
				ASSETCATALOG_COMPILER_APPICON_NAME = AppIcon;
				INFOPLIST_FILE = GitHub/Info.plist;
				LD_RUNPATH_SEARCH_PATHS = "$(inherited) @executable_path/Frameworks";
				PRODUCT_BUNDLE_IDENTIFIER = com.haoyisheng.GitHub;
				PRODUCT_NAME = "$(TARGET_NAME)";
			};
			name = Debug;
		};
		474ED4BE1CA29FF2009A94DD /* Release */ = {
			isa = XCBuildConfiguration;
			buildSettings = {
				ASSETCATALOG_COMPILER_APPICON_NAME = AppIcon;
				INFOPLIST_FILE = GitHub/Info.plist;
				LD_RUNPATH_SEARCH_PATHS = "$(inherited) @executable_path/Frameworks";
				PRODUCT_BUNDLE_IDENTIFIER = com.haoyisheng.GitHub;
				PRODUCT_NAME = "$(TARGET_NAME)";
			};
			name = Release;
		};
/* End XCBuildConfiguration section */

/* Begin XCConfigurationList section */
		474ED4A01CA29FF1009A94DD /* Build configuration list for PBXProject "GitHub" */ = {
			isa = XCConfigurationList;
			buildConfigurations = (
				474ED4BA1CA29FF2009A94DD /* Debug */,
				474ED4BB1CA29FF2009A94DD /* Release */,
			);
			defaultConfigurationIsVisible = 0;
			defaultConfigurationName = Release;
		};
		474ED4BC1CA29FF2009A94DD /* Build configuration list for PBXNativeTarget "GitHub" */ = {
			isa = XCConfigurationList;
			buildConfigurations = (
				474ED4BD1CA29FF2009A94DD /* Debug */,
				474ED4BE1CA29FF2009A94DD /* Release */,
			);
			defaultConfigurationIsVisible = 0;
		};
/* End XCConfigurationList section */
	};
	rootObject = 474ED49D1CA29FF1009A94DD /* Project object */;
}
